
Microsoft Visual Studio Solution File, Format Version 12.00
# Visual Studio Version 17
VisualStudioVersion = 17.5.002.0
MinimumVisualStudioVersion = 10.0.40219.1
Project("{9A19103F-16F7-4668-BE54-9A1E7A4F7556}") = "Extensions", "Extensions.csproj", "{791B8DCF-25D2-4894-9D81-1253B8F2E832}"
EndProject
Global
	GlobalSection(SolutionConfigurationPlatforms) = preSolution
		Debug|Any CPU = Debug|Any CPU
		Release|Any CPU = Release|Any CPU
	EndGlobalSection
	GlobalSection(ProjectConfigurationPlatforms) = postSolution
		{791B8DCF-25D2-4894-9D81-1253B8F2E832}.Debug|Any CPU.ActiveCfg = Debug|Any CPU
		{791B8DCF-25D2-4894-9D81-1253B8F2E832}.Debug|Any CPU.Build.0 = Debug|Any CPU
		{791B8DCF-25D2-4894-9D81-1253B8F2E832}.Release|Any CPU.ActiveCfg = Release|Any CPU
		{791B8DCF-25D2-4894-9D81-1253B8F2E832}.Release|Any CPU.Build.0 = Release|Any CPU
	EndGlobalSection
	GlobalSection(SolutionProperties) = preSolution
		HideSolutionNode = FALSE
	EndGlobalSection
	GlobalSection(ExtensibilityGlobals) = postSolution
		SolutionGuid = {A7E42D3D-BBC6-4C42-830F-85D27E94613F}
	EndGlobalSection
EndGlobal
